
Microsoft Visual Studio Solution File, Format Version 12.00
# Visual Studio Version 17
VisualStudioVersion = 17.5.33530.505
MinimumVisualStudioVersion = 10.0.40219.1
Project("{FAE04EC0-301F-11D3-BF4B-00C04F79EFBC}") = "Appium_Nunit_AndroidCalculator_Automation", "Appium_Nunit_AndroidCalculator_Automation\Appium_Nunit_AndroidCalculator_Automation.csproj", "{7DF11CDE-44BA-4787-BFB8-70622B34C93B}"
EndProject
Global
	GlobalSection(SolutionConfigurationPlatforms) = preSolution
		Debug|Any CPU = Debug|Any CPU
		Release|Any CPU = Release|Any CPU
	EndGlobalSection
	GlobalSection(ProjectConfigurationPlatforms) = postSolution
		{7DF11CDE-44BA-4787-BFB8-70622B34C93B}.Debug|Any CPU.ActiveCfg = Debug|Any CPU
		{7DF11CDE-44BA-4787-BFB8-70622B34C93B}.Debug|Any CPU.Build.0 = Debug|Any CPU
		{7DF11CDE-44BA-4787-BFB8-70622B34C93B}.Release|Any CPU.ActiveCfg = Release|Any CPU
		{7DF11CDE-44BA-4787-BFB8-70622B34C93B}.Release|Any CPU.Build.0 = Release|Any CPU
	EndGlobalSection
	GlobalSection(SolutionProperties) = preSolution
		HideSolutionNode = FALSE
	EndGlobalSection
	GlobalSection(ExtensibilityGlobals) = postSolution
		SolutionGuid = {6F7FC7D9-0669-41FB-86A6-4015B881777F}
	EndGlobalSection
EndGlobal
